// !$*UTF8*$!
{
	archiveVersion = 1;
	classes = {
	};
	objectVersion = 55;
	objects = {

/* Begin PBXBuildFile section */
		1071C2B7297EBBFD00ECF838 /* AppDelegate.swift in Sources */ = {isa = PBXBuildFile; fileRef = 1071C2B6297EBBFD00ECF838 /* AppDelegate.swift */; };
		1071C2B9297EBBFD00ECF838 /* SceneDelegate.swift in Sources */ = {isa = PBXBuildFile; fileRef = 1071C2B8297EBBFD00ECF838 /* SceneDelegate.swift */; };
		1071C2BB297EBBFD00ECF838 /* PagingViewController.swift in Sources */ = {isa = PBXBuildFile; fileRef = 1071C2BA297EBBFD00ECF838 /* PagingViewController.swift */; };
		1071C2BE297EBBFD00ECF838 /* Main.storyboard in Resources */ = {isa = PBXBuildFile; fileRef = 1071C2BC297EBBFD00ECF838 /* Main.storyboard */; };
		1071C2C0297EBBFE00ECF838 /* Assets.xcassets in Resources */ = {isa = PBXBuildFile; fileRef = 1071C2BF297EBBFE00ECF838 /* Assets.xcassets */; };
		1071C2C3297EBBFE00ECF838 /* LaunchScreen.storyboard in Resources */ = {isa = PBXBuildFile; fileRef = 1071C2C1297EBBFE00ECF838 /* LaunchScreen.storyboard */; };
		10CA62FA297EBFDB0097D1B0 /* HomeViewController.swift in Sources */ = {isa = PBXBuildFile; fileRef = 10CA62F9297EBFDB0097D1B0 /* HomeViewController.swift */; };
		10CA62FC297EC0030097D1B0 /* OriginalsViewController.swift in Sources */ = {isa = PBXBuildFile; fileRef = 10CA62FB297EC0030097D1B0 /* OriginalsViewController.swift */; };
		7E32E6268CD3237B8810D50B /* Pods_CustomTabbarUse.framework in Frameworks */ = {isa = PBXBuildFile; fileRef = 0BA2DA0E6D76625DC74FCE8D /* Pods_CustomTabbarUse.framework */; };
/* End PBXBuildFile section */

/* Begin PBXFileReference section */
		0BA2DA0E6D76625DC74FCE8D /* Pods_CustomTabbarUse.framework */ = {isa = PBXFileReference; explicitFileType = wrapper.framework; includeInIndex = 0; path = Pods_CustomTabbarUse.framework; sourceTree = BUILT_PRODUCTS_DIR; };
		1071C2B3297EBBFD00ECF838 /* CustomTabbarUse.app */ = {isa = PBXFileReference; explicitFileType = wrapper.application; includeInIndex = 0; path = CustomTabbarUse.app; sourceTree = BUILT_PRODUCTS_DIR; };
		1071C2B6297EBBFD00ECF838 /* AppDelegate.swift */ = {isa = PBXFileReference; lastKnownFileType = sourcecode.swift; path = AppDelegate.swift; sourceTree = "<group>"; };
		1071C2B8297EBBFD00ECF838 /* SceneDelegate.swift */ = {isa = PBXFileReference; lastKnownFileType = sourcecode.swift; path = SceneDelegate.swift; sourceTree = "<group>"; };
		1071C2BA297EBBFD00ECF838 /* PagingViewController.swift */ = {isa = PBXFileReference; lastKnownFileType = sourcecode.swift; path = PagingViewController.swift; sourceTree = "<group>"; };
		1071C2BD297EBBFD00ECF838 /* Base */ = {isa = PBXFileReference; lastKnownFileType = file.storyboard; name = Base; path = Base.lproj/Main.storyboard; sourceTree = "<group>"; };
		1071C2BF297EBBFE00ECF838 /* Assets.xcassets */ = {isa = PBXFileReference; lastKnownFileType = folder.assetcatalog; path = Assets.xcassets; sourceTree = "<group>"; };
		1071C2C2297EBBFE00ECF838 /* Base */ = {isa = PBXFileReference; lastKnownFileType = file.storyboard; name = Base; path = Base.lproj/LaunchScreen.storyboard; sourceTree = "<group>"; };
		1071C2C4297EBBFE00ECF838 /* Info.plist */ = {isa = PBXFileReference; lastKnownFileType = text.plist.xml; path = Info.plist; sourceTree = "<group>"; };
		10CA62F9297EBFDB0097D1B0 /* HomeViewController.swift */ = {isa = PBXFileReference; lastKnownFileType = sourcecode.swift; path = HomeViewController.swift; sourceTree = "<group>"; };
		10CA62FB297EC0030097D1B0 /* OriginalsViewController.swift */ = {isa = PBXFileReference; lastKnownFileType = sourcecode.swift; path = OriginalsViewController.swift; sourceTree = "<group>"; };
		544D7AD0B2C011630C9096D8 /* Pods-CustomTabbarUse.debug.xcconfig */ = {isa = PBXFileReference; includeInIndex = 1; lastKnownFileType = text.xcconfig; name = "Pods-CustomTabbarUse.debug.xcconfig"; path = "Target Support Files/Pods-CustomTabbarUse/Pods-CustomTabbarUse.debug.xcconfig"; sourceTree = "<group>"; };
		749F4CB190DA2C42D7553D10 /* Pods-CustomTabbarUse.release.xcconfig */ = {isa = PBXFileReference; includeInIndex = 1; lastKnownFileType = text.xcconfig; name = "Pods-CustomTabbarUse.release.xcconfig"; path = "Target Support Files/Pods-CustomTabbarUse/Pods-CustomTabbarUse.release.xcconfig"; sourceTree = "<group>"; };
/* End PBXFileReference section */

/* Begin PBXFrameworksBuildPhase section */
		1071C2B0297EBBFD00ECF838 /* Frameworks */ = {
			isa = PBXFrameworksBuildPhase;
			buildActionMask = 2147483647;
			files = (
				7E32E6268CD3237B8810D50B /* Pods_CustomTabbarUse.framework in Frameworks */,
			);
			runOnlyForDeploymentPostprocessing = 0;
		};
/* End PBXFrameworksBuildPhase section */

/* Begin PBXGroup section */
		1071C2AA297EBBFD00ECF838 = {
			isa = PBXGroup;
			children = (
				1071C2B5297EBBFD00ECF838 /* CustomTabbarUse */,
				1071C2B4297EBBFD00ECF838 /* Products */,
				E9B8C46CC361F4E77DDD90B8 /* Pods */,
				3560FD5372A20C1241E8E3DC /* Frameworks */,
			);
			sourceTree = "<group>";
		};
		1071C2B4297EBBFD00ECF838 /* Products */ = {
			isa = PBXGroup;
			children = (
				1071C2B3297EBBFD00ECF838 /* CustomTabbarUse.app */,
			);
			name = Products;
			sourceTree = "<group>";
		};
		1071C2B5297EBBFD00ECF838 /* CustomTabbarUse */ = {
			isa = PBXGroup;
			children = (
				10CA62F8297EBFA60097D1B0 /* Screens */,
				1071C2B6297EBBFD00ECF838 /* AppDelegate.swift */,
				1071C2B8297EBBFD00ECF838 /* SceneDelegate.swift */,
				1071C2BA297EBBFD00ECF838 /* PagingViewController.swift */,
				1071C2BC297EBBFD00ECF838 /* Main.storyboard */,
				1071C2BF297EBBFE00ECF838 /* Assets.xcassets */,
				1071C2C1297EBBFE00ECF838 /* LaunchScreen.storyboard */,
				1071C2C4297EBBFE00ECF838 /* Info.plist */,
			);
			path = CustomTabbarUse;
			sourceTree = "<group>";
		};
		10CA62F8297EBFA60097D1B0 /* Screens */ = {
			isa = PBXGroup;
			children = (
				10CA62F9297EBFDB0097D1B0 /* HomeViewController.swift */,
				10CA62FB297EC0030097D1B0 /* OriginalsViewController.swift */,
			);
			path = Screens;
			sourceTree = "<group>";
		};
		3560FD5372A20C1241E8E3DC /* Frameworks */ = {
			isa = PBXGroup;
			children = (
				0BA2DA0E6D76625DC74FCE8D /* Pods_CustomTabbarUse.framework */,
			);
			name = Frameworks;
			sourceTree = "<group>";
		};
		E9B8C46CC361F4E77DDD90B8 /* Pods */ = {
			isa = PBXGroup;
			children = (
				544D7AD0B2C011630C9096D8 /* Pods-CustomTabbarUse.debug.xcconfig */,
				749F4CB190DA2C42D7553D10 /* Pods-CustomTabbarUse.release.xcconfig */,
			);
			path = Pods;
			sourceTree = "<group>";
		};
/* End PBXGroup section */

/* Begin PBXNativeTarget section */
		1071C2B2297EBBFD00ECF838 /* CustomTabbarUse */ = {
			isa = PBXNativeTarget;
			buildConfigurationList = 1071C2C7297EBBFE00ECF838 /* Build configuration list for PBXNativeTarget "CustomTabbarUse" */;
			buildPhases = (
				339E0A568F18DBA8E045DC03 /* [CP] Check Pods Manifest.lock */,
				1071C2AF297EBBFD00ECF838 /* Sources */,
				1071C2B0297EBBFD00ECF838 /* Frameworks */,
				1071C2B1297EBBFD00ECF838 /* Resources */,
				9E13D6875439384D0EA78734 /* [CP] Embed Pods Frameworks */,
			);
			buildRules = (
			);
			dependencies = (
			);
			name = CustomTabbarUse;
			productName = CustomTabbarUse;
			productReference = 1071C2B3297EBBFD00ECF838 /* CustomTabbarUse.app */;
			productType = "com.apple.product-type.application";
		};
/* End PBXNativeTarget section */

/* Begin PBXProject section */
		1071C2AB297EBBFD00ECF838 /* Project object */ = {
			isa = PBXProject;
			attributes = {
				BuildIndependentTargetsInParallel = 1;
				LastSwiftUpdateCheck = 1420;
				LastUpgradeCheck = 1420;
				TargetAttributes = {
					1071C2B2297EBBFD00ECF838 = {
						CreatedOnToolsVersion = 14.2;
					};
				};
			};
			buildConfigurationList = 1071C2AE297EBBFD00ECF838 /* Build configuration list for PBXProject "CustomTabbarUse" */;
			compatibilityVersion = "Xcode 13.0";
			developmentRegion = en;
			hasScannedForEncodings = 0;
			knownRegions = (
				en,
				Base,
			);
			mainGroup = 1071C2AA297EBBFD00ECF838;
			productRefGroup = 1071C2B4297EBBFD00ECF838 /* Products */;
			projectDirPath = "";
			projectRoot = "";
			targets = (
				1071C2B2297EBBFD00ECF838 /* CustomTabbarUse */,
			);
		};
/* End PBXProject section */

/* Begin PBXResourcesBuildPhase section */
		1071C2B1297EBBFD00ECF838 /* Resources */ = {
			isa = PBXResourcesBuildPhase;
			buildActionMask = 2147483647;
			files = (
				1071C2C3297EBBFE00ECF838 /* LaunchScreen.storyboard in Resources */,
				1071C2C0297EBBFE00ECF838 /* Assets.xcassets in Resources */,
				1071C2BE297EBBFD00ECF838 /* Main.storyboard in Resources */,
			);
			runOnlyForDeploymentPostprocessing = 0;
		};
/* End PBXResourcesBuildPhase section */

/* Begin PBXShellScriptBuildPhase section */
		339E0A568F18DBA8E045DC03 /* [CP] Check Pods Manifest.lock */ = {
			isa = PBXShellScriptBuildPhase;
			buildActionMask = 2147483647;
			files = (
			);
			inputFileListPaths = (
			);
			inputPaths = (
				"${PODS_PODFILE_DIR_PATH}/Podfile.lock",
				"${PODS_ROOT}/Manifest.lock",
			);
			name = "[CP] Check Pods Manifest.lock";
			outputFileListPaths = (
			);
			outputPaths = (
				"$(DERIVED_FILE_DIR)/Pods-CustomTabbarUse-checkManifestLockResult.txt",
			);
			runOnlyForDeploymentPostprocessing = 0;
			shellPath = /bin/sh;
			shellScript = "diff \"${PODS_PODFILE_DIR_PATH}/Podfile.lock\" \"${PODS_ROOT}/Manifest.lock\" > /dev/null\nif [ $? != 0 ] ; then\n    # print error to STDERR\n    echo \"error: The sandbox is not in sync with the Podfile.lock. Run 'pod install' or update your CocoaPods installation.\" >&2\n    exit 1\nfi\n# This output is used by Xcode 'outputs' to avoid re-running this script phase.\necho \"SUCCESS\" > \"${SCRIPT_OUTPUT_FILE_0}\"\n";
			showEnvVarsInLog = 0;
		};
		9E13D6875439384D0EA78734 /* [CP] Embed Pods Frameworks */ = {
			isa = PBXShellScriptBuildPhase;
			buildActionMask = 2147483647;
			files = (
			);
			inputFileListPaths = (
				"${PODS_ROOT}/Target Support Files/Pods-CustomTabbarUse/Pods-CustomTabbarUse-frameworks-${CONFIGURATION}-input-files.xcfilelist",
			);
			name = "[CP] Embed Pods Frameworks";
			outputFileListPaths = (
				"${PODS_ROOT}/Target Support Files/Pods-CustomTabbarUse/Pods-CustomTabbarUse-frameworks-${CONFIGURATION}-output-files.xcfilelist",
			);
			runOnlyForDeploymentPostprocessing = 0;
			shellPath = /bin/sh;
			shellScript = "\"${PODS_ROOT}/Target Support Files/Pods-CustomTabbarUse/Pods-CustomTabbarUse-frameworks.sh\"\n";
			showEnvVarsInLog = 0;
		};
/* End PBXShellScriptBuildPhase section */

/* Begin PBXSourcesBuildPhase section */
		1071C2AF297EBBFD00ECF838 /* Sources */ = {
			isa = PBXSourcesBuildPhase;
			buildActionMask = 2147483647;
			files = (
				1071C2BB297EBBFD00ECF838 /* PagingViewController.swift in Sources */,
				1071C2B7297EBBFD00ECF838 /* AppDelegate.swift in Sources */,
				10CA62FC297EC0030097D1B0 /* OriginalsViewController.swift in Sources */,
				1071C2B9297EBBFD00ECF838 /* SceneDelegate.swift in Sources */,
				10CA62FA297EBFDB0097D1B0 /* HomeViewController.swift in Sources */,
			);
			runOnlyForDeploymentPostprocessing = 0;
		};
/* End PBXSourcesBuildPhase section */

/* Begin PBXVariantGroup section */
		1071C2BC297EBBFD00ECF838 /* Main.storyboard */ = {
			isa = PBXVariantGroup;
			children = (
				1071C2BD297EBBFD00ECF838 /* Base */,
			);
			name = Main.storyboard;
			sourceTree = "<group>";
		};
		1071C2C1297EBBFE00ECF838 /* LaunchScreen.storyboard */ = {
			isa = PBXVariantGroup;
			children = (
				1071C2C2297EBBFE00ECF838 /* Base */,
			);
			name = LaunchScreen.storyboard;
			sourceTree = "<group>";
		};
/* End PBXVariantGroup section */

/* Begin XCBuildConfiguration section */
		1071C2C5297EBBFE00ECF838 /* Debug */ = {
			isa = XCBuildConfiguration;
			buildSettings = {
				ALWAYS_SEARCH_USER_PATHS = NO;
				CLANG_ANALYZER_NONNULL = YES;
				CLANG_ANALYZER_NUMBER_OBJECT_CONVERSION = YES_AGGRESSIVE;
				CLANG_CXX_LANGUAGE_STANDARD = "gnu++20";
				CLANG_ENABLE_MODULES = YES;
				CLANG_ENABLE_OBJC_ARC = YES;
				CLANG_ENABLE_OBJC_WEAK = YES;
				CLANG_WARN_BLOCK_CAPTURE_AUTORELEASING = YES;
				CLANG_WARN_BOOL_CONVERSION = YES;
				CLANG_WARN_COMMA = YES;
				CLANG_WARN_CONSTANT_CONVERSION = YES;
				CLANG_WARN_DEPRECATED_OBJC_IMPLEMENTATIONS = YES;
				CLANG_WARN_DIRECT_OBJC_ISA_USAGE = YES_ERROR;
				CLANG_WARN_DOCUMENTATION_COMMENTS = YES;
				CLANG_WARN_EMPTY_BODY = YES;
				CLANG_WARN_ENUM_CONVERSION = YES;
				CLANG_WARN_INFINITE_RECURSION = YES;
				CLANG_WARN_INT_CONVERSION = YES;
				CLANG_WARN_NON_LITERAL_NULL_CONVERSION = YES;
				CLANG_WARN_OBJC_IMPLICIT_RETAIN_SELF = YES;
				CLANG_WARN_OBJC_LITERAL_CONVERSION = YES;
				CLANG_WARN_OBJC_ROOT_CLASS = YES_ERROR;
				CLANG_WARN_QUOTED_INCLUDE_IN_FRAMEWORK_HEADER = YES;
				CLANG_WARN_RANGE_LOOP_ANALYSIS = YES;
				CLANG_WARN_STRICT_PROTOTYPES = YES;
				CLANG_WARN_SUSPICIOUS_MOVE = YES;
				CLANG_WARN_UNGUARDED_AVAILABILITY = YES_AGGRESSIVE;
				CLANG_WARN_UNREACHABLE_CODE = YES;
				CLANG_WARN__DUPLICATE_METHOD_MATCH = YES;
				COPY_PHASE_STRIP = NO;
				DEBUG_INFORMATION_FORMAT = dwarf;
				ENABLE_STRICT_OBJC_MSGSEND = YES;
				ENABLE_TESTABILITY = YES;
				GCC_C_LANGUAGE_STANDARD = gnu11;
				GCC_DYNAMIC_NO_PIC = NO;
				GCC_NO_COMMON_BLOCKS = YES;
				GCC_OPTIMIZATION_LEVEL = 0;
				GCC_PREPROCESSOR_DEFINITIONS = (
					"DEBUG=1",
					"$(inherited)",
				);
				GCC_WARN_64_TO_32_BIT_CONVERSION = YES;
				GCC_WARN_ABOUT_RETURN_TYPE = YES_ERROR;
				GCC_WARN_UNDECLARED_SELECTOR = YES;
				GCC_WARN_UNINITIALIZED_AUTOS = YES_AGGRESSIVE;
				GCC_WARN_UNUSED_FUNCTION = YES;
				GCC_WARN_UNUSED_VARIABLE = YES;
				IPHONEOS_DEPLOYMENT_TARGET = 16.2;
				MTL_ENABLE_DEBUG_INFO = INCLUDE_SOURCE;
				MTL_FAST_MATH = YES;
				ONLY_ACTIVE_ARCH = YES;
				SDKROOT = iphoneos;
				SWIFT_ACTIVE_COMPILATION_CONDITIONS = DEBUG;
				SWIFT_OPTIMIZATION_LEVEL = "-Onone";
			};
			name = Debug;
		};
		1071C2C6297EBBFE00ECF838 /* Release */ = {
			isa = XCBuildConfiguration;
			buildSettings = {
				ALWAYS_SEARCH_USER_PATHS = NO;
				CLANG_ANALYZER_NONNULL = YES;
				CLANG_ANALYZER_NUMBER_OBJECT_CONVERSION = YES_AGGRESSIVE;
				CLANG_CXX_LANGUAGE_STANDARD = "gnu++20";
				CLANG_ENABLE_MODULES = YES;
				CLANG_ENABLE_OBJC_ARC = YES;
				CLANG_ENABLE_OBJC_WEAK = YES;
				CLANG_WARN_BLOCK_CAPTURE_AUTORELEASING = YES;
				CLANG_WARN_BOOL_CONVERSION = YES;
				CLANG_WARN_COMMA = YES;
				CLANG_WARN_CONSTANT_CONVERSION = YES;
				CLANG_WARN_DEPRECATED_OBJC_IMPLEMENTATIONS = YES;
				CLANG_WARN_DIRECT_OBJC_ISA_USAGE = YES_ERROR;
				CLANG_WARN_DOCUMENTATION_COMMENTS = YES;
				CLANG_WARN_EMPTY_BODY = YES;
				CLANG_WARN_ENUM_CONVERSION = YES;
				CLANG_WARN_INFINITE_RECURSION = YES;
				CLANG_WARN_INT_CONVERSION = YES;
				CLANG_WARN_NON_LITERAL_NULL_CONVERSION = YES;
				CLANG_WARN_OBJC_IMPLICIT_RETAIN_SELF = YES;
				CLANG_WARN_OBJC_LITERAL_CONVERSION = YES;
				CLANG_WARN_OBJC_ROOT_CLASS = YES_ERROR;
				CLANG_WARN_QUOTED_INCLUDE_IN_FRAMEWORK_HEADER = YES;
				CLANG_WARN_RANGE_LOOP_ANALYSIS = YES;
				CLANG_WARN_STRICT_PROTOTYPES = YES;
				CLANG_WARN_SUSPICIOUS_MOVE = YES;
				CLANG_WARN_UNGUARDED_AVAILABILITY = YES_AGGRESSIVE;
				CLANG_WARN_UNREACHABLE_CODE = YES;
				CLANG_WARN__DUPLICATE_METHOD_MATCH = YES;
				COPY_PHASE_STRIP = NO;
				DEBUG_INFORMATION_FORMAT = "dwarf-with-dsym";
				ENABLE_NS_ASSERTIONS = NO;
				ENABLE_STRICT_OBJC_MSGSEND = YES;
				GCC_C_LANGUAGE_STANDARD = gnu11;
				GCC_NO_COMMON_BLOCKS = YES;
				GCC_WARN_64_TO_32_BIT_CONVERSION = YES;
				GCC_WARN_ABOUT_RETURN_TYPE = YES_ERROR;
				GCC_WARN_UNDECLARED_SELECTOR = YES;
				GCC_WARN_UNINITIALIZED_AUTOS = YES_AGGRESSIVE;
				GCC_WARN_UNUSED_FUNCTION = YES;
				GCC_WARN_UNUSED_VARIABLE = YES;
				IPHONEOS_DEPLOYMENT_TARGET = 16.2;
				MTL_ENABLE_DEBUG_INFO = NO;
				MTL_FAST_MATH = YES;
				SDKROOT = iphoneos;
				SWIFT_COMPILATION_MODE = wholemodule;
				SWIFT_OPTIMIZATION_LEVEL = "-O";
				VALIDATE_PRODUCT = YES;
			};
			name = Release;
		};
		1071C2C8297EBBFE00ECF838 /* Debug */ = {
			isa = XCBuildConfiguration;
			baseConfigurationReference = 544D7AD0B2C011630C9096D8 /* Pods-CustomTabbarUse.debug.xcconfig */;
			buildSettings = {
				ASSETCATALOG_COMPILER_APPICON_NAME = AppIcon;
				ASSETCATALOG_COMPILER_GLOBAL_ACCENT_COLOR_NAME = AccentColor;
				CODE_SIGN_STYLE = Automatic;
				CURRENT_PROJECT_VERSION = 1;
				DEVELOPMENT_TEAM = F475N5N7V6;
				GENERATE_INFOPLIST_FILE = YES;
				INFOPLIST_FILE = CustomTabbarUse/Info.plist;
				INFOPLIST_KEY_UIApplicationSupportsIndirectInputEvents = YES;
				INFOPLIST_KEY_UILaunchStoryboardName = LaunchScreen;
				INFOPLIST_KEY_UIMainStoryboardFile = Main;
				INFOPLIST_KEY_UISupportedInterfaceOrientations_iPad = "UIInterfaceOrientationPortrait UIInterfaceOrientationPortraitUpsideDown UIInterfaceOrientationLandscapeLeft UIInterfaceOrientationLandscapeRight";
				INFOPLIST_KEY_UISupportedInterfaceOrientations_iPhone = "UIInterfaceOrientationPortrait UIInterfaceOrientationLandscapeLeft UIInterfaceOrientationLandscapeRight";
				LD_RUNPATH_SEARCH_PATHS = (
					"$(inherited)",
					"@executable_path/Frameworks",
				);
				MARKETING_VERSION = 1.0;
				PRODUCT_BUNDLE_IDENTIFIER = com.yagizdokumaci.CustomTabbarUse;
				PRODUCT_NAME = "$(TARGET_NAME)";
				SUPPORTED_PLATFORMS = "iphoneos iphonesimulator";
				SUPPORTS_MACCATALYST = NO;
				SUPPORTS_MAC_DESIGNED_FOR_IPHONE_IPAD = NO;
				SWIFT_EMIT_LOC_STRINGS = YES;
				SWIFT_VERSION = 5.0;
				TARGETED_DEVICE_FAMILY = 1;
			};
			name = Debug;
		};
		1071C2C9297EBBFE00ECF838 /* Release */ = {
			isa = XCBuildConfiguration;
			baseConfigurationReference = 749F4CB190DA2C42D7553D10 /* Pods-CustomTabbarUse.release.xcconfig */;
			buildSettings = {
				ASSETCATALOG_COMPILER_APPICON_NAME = AppIcon;
				ASSETCATALOG_COMPILER_GLOBAL_ACCENT_COLOR_NAME = AccentColor;
				CODE_SIGN_STYLE = Automatic;
				CURRENT_PROJECT_VERSION = 1;
				DEVELOPMENT_TEAM = F475N5N7V6;
				GENERATE_INFOPLIST_FILE = YES;
				INFOPLIST_FILE = CustomTabbarUse/Info.plist;
				INFOPLIST_KEY_UIApplicationSupportsIndirectInputEvents = YES;
				INFOPLIST_KEY_UILaunchStoryboardName = LaunchScreen;
				INFOPLIST_KEY_UIMainStoryboardFile = Main;
				INFOPLIST_KEY_UISupportedInterfaceOrientations_iPad = "UIInterfaceOrientationPortrait UIInterfaceOrientationPortraitUpsideDown UIInterfaceOrientationLandscapeLeft UIInterfaceOrientationLandscapeRight";
				INFOPLIST_KEY_UISupportedInterfaceOrientations_iPhone = "UIInterfaceOrientationPortrait UIInterfaceOrientationLandscapeLeft UIInterfaceOrientationLandscapeRight";
				LD_RUNPATH_SEARCH_PATHS = (
					"$(inherited)",
					"@executable_path/Frameworks",
				);
				MARKETING_VERSION = 1.0;
				PRODUCT_BUNDLE_IDENTIFIER = com.yagizdokumaci.CustomTabbarUse;
				PRODUCT_NAME = "$(TARGET_NAME)";
				SUPPORTED_PLATFORMS = "iphoneos iphonesimulator";
				SUPPORTS_MACCATALYST = NO;
				SUPPORTS_MAC_DESIGNED_FOR_IPHONE_IPAD = NO;
				SWIFT_EMIT_LOC_STRINGS = YES;
				SWIFT_VERSION = 5.0;
				TARGETED_DEVICE_FAMILY = 1;
			};
			name = Release;
		};
/* End XCBuildConfiguration section */

/* Begin XCConfigurationList section */
		1071C2AE297EBBFD00ECF838 /* Build configuration list for PBXProject "CustomTabbarUse" */ = {
			isa = XCConfigurationList;
			buildConfigurations = (
				1071C2C5297EBBFE00ECF838 /* Debug */,
				1071C2C6297EBBFE00ECF838 /* Release */,
			);
			defaultConfigurationIsVisible = 0;
			defaultConfigurationName = Release;
		};
		1071C2C7297EBBFE00ECF838 /* Build configuration list for PBXNativeTarget "CustomTabbarUse" */ = {
			isa = XCConfigurationList;
			buildConfigurations = (
				1071C2C8297EBBFE00ECF838 /* Debug */,
				1071C2C9297EBBFE00ECF838 /* Release */,
			);
			defaultConfigurationIsVisible = 0;
			defaultConfigurationName = Release;
		};
/* End XCConfigurationList section */
	};
	rootObject = 1071C2AB297EBBFD00ECF838 /* Project object */;
}
